
Microsoft Visual Studio Solution File, Format Version 12.00
# Visual Studio Version 16
VisualStudioVersion = 16.0.30907.101
MinimumVisualStudioVersion = 10.0.40219.1
Project("{9A19103F-16F7-4668-BE54-9A1E7A4F7556}") = "NewTheme", "NewTheme.csproj", "{FFD7A1F3-FEBC-413D-874D-EAC438149C80}"
EndProject
Project("{2150E333-8FDC-42A3-9474-1A3956D46DE8}") = "Theme", "Theme", "{26712D8E-9AD7-411E-8064-E6D55A175473}"
EndProject
Project("{FAE04EC0-301F-11D3-BF4B-00C04F79EFBC}") = "Demo.Theme", "..\Demo.Theme\Demo.Theme.csproj", "{223A8F7A-C334-47DC-B039-9976D5C20F7A}"
EndProject
Global
	GlobalSection(SolutionConfigurationPlatforms) = preSolution
		Debug|Any CPU = Debug|Any CPU
		Release|Any CPU = Release|Any CPU
	EndGlobalSection
	GlobalSection(ProjectConfigurationPlatforms) = postSolution
		{FFD7A1F3-FEBC-413D-874D-EAC438149C80}.Debug|Any CPU.ActiveCfg = Debug|Any CPU
		{FFD7A1F3-FEBC-413D-874D-EAC438149C80}.Debug|Any CPU.Build.0 = Debug|Any CPU
		{FFD7A1F3-FEBC-413D-874D-EAC438149C80}.Release|Any CPU.ActiveCfg = Release|Any CPU
		{FFD7A1F3-FEBC-413D-874D-EAC438149C80}.Release|Any CPU.Build.0 = Release|Any CPU
		{223A8F7A-C334-47DC-B039-9976D5C20F7A}.Debug|Any CPU.ActiveCfg = Debug|Any CPU
		{223A8F7A-C334-47DC-B039-9976D5C20F7A}.Debug|Any CPU.Build.0 = Debug|Any CPU
		{223A8F7A-C334-47DC-B039-9976D5C20F7A}.Release|Any CPU.ActiveCfg = Release|Any CPU
		{223A8F7A-C334-47DC-B039-9976D5C20F7A}.Release|Any CPU.Build.0 = Release|Any CPU
	EndGlobalSection
	GlobalSection(SolutionProperties) = preSolution
		HideSolutionNode = FALSE
	EndGlobalSection
	GlobalSection(NestedProjects) = preSolution
		{223A8F7A-C334-47DC-B039-9976D5C20F7A} = {26712D8E-9AD7-411E-8064-E6D55A175473}
	EndGlobalSection
	GlobalSection(ExtensibilityGlobals) = postSolution
		SolutionGuid = {885FCB6A-68B0-4BB2-B61E-2879502620A7}
	EndGlobalSection
EndGlobal
